// !$*UTF8*$!
{
	archiveVersion = 1;
	classes = {
	};
	objectVersion = 46;
	objects = {

/* Begin PBXBuildFile section */
		91AAC67F158A4B4B006FA76A /* Foundation.framework in Frameworks */ = {isa = PBXBuildFile; fileRef = 91AAC67E158A4B4B006FA76A /* Foundation.framework */; };
		91AAC682158A4B4B006FA76A /* main.m in Sources */ = {isa = PBXBuildFile; fileRef = 91AAC681158A4B4B006FA76A /* main.m */; };
		91AAC686158A4B4B006FA76A /* BlockStack.1 in CopyFiles */ = {isa = PBXBuildFile; fileRef = 91AAC685158A4B4B006FA76A /* BlockStack.1 */; };
/* End PBXBuildFile section */

/* Begin PBXCopyFilesBuildPhase section */
		91AAC678158A4B4B006FA76A /* CopyFiles */ = {
			isa = PBXCopyFilesBuildPhase;
			buildActionMask = 2147483647;
			dstPath = /usr/share/man/man1/;
			dstSubfolderSpec = 0;
			files = (
				91AAC686158A4B4B006FA76A /* BlockStack.1 in CopyFiles */,
			);
			runOnlyForDeploymentPostprocessing = 1;
		};
/* End PBXCopyFilesBuildPhase section */

/* Begin PBXFileReference section */
		91AAC67A158A4B4B006FA76A /* BlockStack */ = {isa = PBXFileReference; explicitFileType = "compiled.mach-o.executable"; includeInIndex = 0; path = BlockStack; sourceTree = BUILT_PRODUCTS_DIR; };
		91AAC67E158A4B4B006FA76A /* Foundation.framework */ = {isa = PBXFileReference; lastKnownFileType = wrapper.framework; name = Foundation.framework; path = System/Library/Frameworks/Foundation.framework; sourceTree = SDKROOT; };
		91AAC681158A4B4B006FA76A /* main.m */ = {isa = PBXFileReference; lastKnownFileType = sourcecode.c.objc; path = main.m; sourceTree = "<group>"; };
		91AAC684158A4B4B006FA76A /* BlockStack-Prefix.pch */ = {isa = PBXFileReference; lastKnownFileType = sourcecode.c.h; path = "BlockStack-Prefix.pch"; sourceTree = "<group>"; };
		91AAC685158A4B4B006FA76A /* BlockStack.1 */ = {isa = PBXFileReference; lastKnownFileType = text.man; path = BlockStack.1; sourceTree = "<group>"; };
/* End PBXFileReference section */

/* Begin PBXFrameworksBuildPhase section */
		91AAC677158A4B4B006FA76A /* Frameworks */ = {
			isa = PBXFrameworksBuildPhase;
			buildActionMask = 2147483647;
			files = (
				91AAC67F158A4B4B006FA76A /* Foundation.framework in Frameworks */,
			);
			runOnlyForDeploymentPostprocessing = 0;
		};
/* End PBXFrameworksBuildPhase section */

/* Begin PBXGroup section */
		91AAC66F158A4B4A006FA76A = {
			isa = PBXGroup;
			children = (
				91AAC680158A4B4B006FA76A /* BlockStack */,
				91AAC67D158A4B4B006FA76A /* Frameworks */,
				91AAC67B158A4B4B006FA76A /* Products */,
			);
			sourceTree = "<group>";
		};
		91AAC67B158A4B4B006FA76A /* Products */ = {
			isa = PBXGroup;
			children = (
				91AAC67A158A4B4B006FA76A /* BlockStack */,
			);
			name = Products;
			sourceTree = "<group>";
		};
		91AAC67D158A4B4B006FA76A /* Frameworks */ = {
			isa = PBXGroup;
			children = (
				91AAC67E158A4B4B006FA76A /* Foundation.framework */,
			);
			name = Frameworks;
			sourceTree = "<group>";
		};
		91AAC680158A4B4B006FA76A /* BlockStack */ = {
			isa = PBXGroup;
			children = (
				91AAC681158A4B4B006FA76A /* main.m */,
				91AAC685158A4B4B006FA76A /* BlockStack.1 */,
				91AAC683158A4B4B006FA76A /* Supporting Files */,
			);
			path = BlockStack;
			sourceTree = "<group>";
		};
		91AAC683158A4B4B006FA76A /* Supporting Files */ = {
			isa = PBXGroup;
			children = (
				91AAC684158A4B4B006FA76A /* BlockStack-Prefix.pch */,
			);
			name = "Supporting Files";
			sourceTree = "<group>";
		};
/* End PBXGroup section */

/* Begin PBXNativeTarget section */
		91AAC679158A4B4B006FA76A /* BlockStack */ = {
			isa = PBXNativeTarget;
			buildConfigurationList = 91AAC689158A4B4B006FA76A /* Build configuration list for PBXNativeTarget "BlockStack" */;
			buildPhases = (
				91AAC676158A4B4B006FA76A /* Sources */,
				91AAC677158A4B4B006FA76A /* Frameworks */,
				91AAC678158A4B4B006FA76A /* CopyFiles */,
			);
			buildRules = (
			);
			dependencies = (
			);
			name = BlockStack;
			productName = BlockStack;
			productReference = 91AAC67A158A4B4B006FA76A /* BlockStack */;
			productType = "com.apple.product-type.tool";
		};
/* End PBXNativeTarget section */

/* Begin PBXProject section */
		91AAC671158A4B4A006FA76A /* Project object */ = {
			isa = PBXProject;
			attributes = {
				LastUpgradeCheck = 0430;
			};
			buildConfigurationList = 91AAC674158A4B4A006FA76A /* Build configuration list for PBXProject "BlockStack" */;
			compatibilityVersion = "Xcode 3.2";
			developmentRegion = English;
			hasScannedForEncodings = 0;
			knownRegions = (
				en,
			);
			mainGroup = 91AAC66F158A4B4A006FA76A;
			productRefGroup = 91AAC67B158A4B4B006FA76A /* Products */;
			projectDirPath = "";
			projectRoot = "";
			targets = (
				91AAC679158A4B4B006FA76A /* BlockStack */,
			);
		};
/* End PBXProject section */

/* Begin PBXSourcesBuildPhase section */
		91AAC676158A4B4B006FA76A /* Sources */ = {
			isa = PBXSourcesBuildPhase;
			buildActionMask = 2147483647;
			files = (
				91AAC682158A4B4B006FA76A /* main.m in Sources */,
			);
			runOnlyForDeploymentPostprocessing = 0;
		};
/* End PBXSourcesBuildPhase section */

/* Begin XCBuildConfiguration section */
		91AAC687158A4B4B006FA76A /* Debug */ = {
			isa = XCBuildConfiguration;
			buildSettings = {
				ALWAYS_SEARCH_USER_PATHS = NO;
				ARCHS = "$(ARCHS_STANDARD_64_BIT)";
				CLANG_ENABLE_OBJC_ARC = YES;
				COPY_PHASE_STRIP = NO;
				GCC_C_LANGUAGE_STANDARD = gnu99;
				GCC_DYNAMIC_NO_PIC = NO;
				GCC_ENABLE_OBJC_EXCEPTIONS = YES;
				GCC_OPTIMIZATION_LEVEL = 0;
				GCC_PREPROCESSOR_DEFINITIONS = (
					"DEBUG=1",
					"$(inherited)",
				);
				GCC_SYMBOLS_PRIVATE_EXTERN = NO;
				GCC_VERSION = com.apple.compilers.llvm.clang.1_0;
				GCC_WARN_64_TO_32_BIT_CONVERSION = YES;
				GCC_WARN_ABOUT_RETURN_TYPE = YES;
				GCC_WARN_UNINITIALIZED_AUTOS = YES;
				GCC_WARN_UNUSED_VARIABLE = YES;
				MACOSX_DEPLOYMENT_TARGET = 10.7;
				ONLY_ACTIVE_ARCH = YES;
				SDKROOT = macosx;
			};
			name = Debug;
		};
		91AAC688158A4B4B006FA76A /* Release */ = {
			isa = XCBuildConfiguration;
			buildSettings = {
				ALWAYS_SEARCH_USER_PATHS = NO;
				ARCHS = "$(ARCHS_STANDARD_64_BIT)";
				CLANG_ENABLE_OBJC_ARC = YES;
				COPY_PHASE_STRIP = YES;
				DEBUG_INFORMATION_FORMAT = "dwarf-with-dsym";
				GCC_C_LANGUAGE_STANDARD = gnu99;
				GCC_ENABLE_OBJC_EXCEPTIONS = YES;
				GCC_VERSION = com.apple.compilers.llvm.clang.1_0;
				GCC_WARN_64_TO_32_BIT_CONVERSION = YES;
				GCC_WARN_ABOUT_RETURN_TYPE = YES;
				GCC_WARN_UNINITIALIZED_AUTOS = YES;
				GCC_WARN_UNUSED_VARIABLE = YES;
				MACOSX_DEPLOYMENT_TARGET = 10.7;
				SDKROOT = macosx;
			};
			name = Release;
		};
		91AAC68A158A4B4B006FA76A /* Debug */ = {
			isa = XCBuildConfiguration;
			buildSettings = {
				GCC_PRECOMPILE_PREFIX_HEADER = YES;
				GCC_PREFIX_HEADER = "BlockStack/BlockStack-Prefix.pch";
				PRODUCT_NAME = "$(TARGET_NAME)";
			};
			name = Debug;
		};
		91AAC68B158A4B4B006FA76A /* Release */ = {
			isa = XCBuildConfiguration;
			buildSettings = {
				GCC_PRECOMPILE_PREFIX_HEADER = YES;
				GCC_PREFIX_HEADER = "BlockStack/BlockStack-Prefix.pch";
				PRODUCT_NAME = "$(TARGET_NAME)";
			};
			name = Release;
		};
/* End XCBuildConfiguration section */

/* Begin XCConfigurationList section */
		91AAC674158A4B4A006FA76A /* Build configuration list for PBXProject "BlockStack" */ = {
			isa = XCConfigurationList;
			buildConfigurations = (
				91AAC687158A4B4B006FA76A /* Debug */,
				91AAC688158A4B4B006FA76A /* Release */,
			);
			defaultConfigurationIsVisible = 0;
			defaultConfigurationName = Release;
		};
		91AAC689158A4B4B006FA76A /* Build configuration list for PBXNativeTarget "BlockStack" */ = {
			isa = XCConfigurationList;
			buildConfigurations = (
				91AAC68A158A4B4B006FA76A /* Debug */,
				91AAC68B158A4B4B006FA76A /* Release */,
			);
			defaultConfigurationIsVisible = 0;
			defaultConfigurationName = Release;
		};
/* End XCConfigurationList section */
	};
	rootObject = 91AAC671158A4B4A006FA76A /* Project object */;
}
